// !$*UTF8*$!
{
	archiveVersion = 1;
	classes = {
	};
	objectVersion = 46;
	objects = {

/* Begin PBXBuildFile section */
		25B6826E1D336DBC003110B5 /* main.m in Sources */ = {isa = PBXBuildFile; fileRef = 25B6826D1D336DBC003110B5 /* main.m */; };
		25B682711D336DBC003110B5 /* AppDelegate.m in Sources */ = {isa = PBXBuildFile; fileRef = 25B682701D336DBC003110B5 /* AppDelegate.m */; };
		25B682741D336DBC003110B5 /* ViewController.m in Sources */ = {isa = PBXBuildFile; fileRef = 25B682731D336DBC003110B5 /* ViewController.m */; };
		25B682771D336DBC003110B5 /* Main.storyboard in Resources */ = {isa = PBXBuildFile; fileRef = 25B682751D336DBC003110B5 /* Main.storyboard */; };
		25B682791D336DBC003110B5 /* Assets.xcassets in Resources */ = {isa = PBXBuildFile; fileRef = 25B682781D336DBC003110B5 /* Assets.xcassets */; };
		25B6827C1D336DBC003110B5 /* LaunchScreen.storyboard in Resources */ = {isa = PBXBuildFile; fileRef = 25B6827A1D336DBC003110B5 /* LaunchScreen.storyboard */; };
		25B682881D336E73003110B5 /* MainViewController.m in Sources */ = {isa = PBXBuildFile; fileRef = 25B682871D336E73003110B5 /* MainViewController.m */; };
		25B6828B1D336F35003110B5 /* UIButton+Badge.m in Sources */ = {isa = PBXBuildFile; fileRef = 25B6828A1D336F35003110B5 /* UIButton+Badge.m */; };
		25B6828E1D337B9B003110B5 /* BaseViewController.m in Sources */ = {isa = PBXBuildFile; fileRef = 25B6828D1D337B9B003110B5 /* BaseViewController.m */; };
		25B682911D337C71003110B5 /* ChilOneViewController.m in Sources */ = {isa = PBXBuildFile; fileRef = 25B682901D337C71003110B5 /* ChilOneViewController.m */; };
		25B682941D337CA4003110B5 /* ChildTwoViewController.m in Sources */ = {isa = PBXBuildFile; fileRef = 25B682931D337CA4003110B5 /* ChildTwoViewController.m */; };
/* End PBXBuildFile section */

/* Begin PBXFileReference section */
		25B682691D336DBC003110B5 /* UIButtonBadge.app */ = {isa = PBXFileReference; explicitFileType = wrapper.application; includeInIndex = 0; path = UIButtonBadge.app; sourceTree = BUILT_PRODUCTS_DIR; };
		25B6826D1D336DBC003110B5 /* main.m */ = {isa = PBXFileReference; lastKnownFileType = sourcecode.c.objc; path = main.m; sourceTree = "<group>"; };
		25B6826F1D336DBC003110B5 /* AppDelegate.h */ = {isa = PBXFileReference; lastKnownFileType = sourcecode.c.h; path = AppDelegate.h; sourceTree = "<group>"; };
		25B682701D336DBC003110B5 /* AppDelegate.m */ = {isa = PBXFileReference; lastKnownFileType = sourcecode.c.objc; path = AppDelegate.m; sourceTree = "<group>"; };
		25B682721D336DBC003110B5 /* ViewController.h */ = {isa = PBXFileReference; lastKnownFileType = sourcecode.c.h; path = ViewController.h; sourceTree = "<group>"; };
		25B682731D336DBC003110B5 /* ViewController.m */ = {isa = PBXFileReference; lastKnownFileType = sourcecode.c.objc; path = ViewController.m; sourceTree = "<group>"; };
		25B682761D336DBC003110B5 /* Base */ = {isa = PBXFileReference; lastKnownFileType = file.storyboard; name = Base; path = Base.lproj/Main.storyboard; sourceTree = "<group>"; };
		25B682781D336DBC003110B5 /* Assets.xcassets */ = {isa = PBXFileReference; lastKnownFileType = folder.assetcatalog; path = Assets.xcassets; sourceTree = "<group>"; };
		25B6827B1D336DBC003110B5 /* Base */ = {isa = PBXFileReference; lastKnownFileType = file.storyboard; name = Base; path = Base.lproj/LaunchScreen.storyboard; sourceTree = "<group>"; };
		25B6827D1D336DBC003110B5 /* Info.plist */ = {isa = PBXFileReference; lastKnownFileType = text.plist.xml; path = Info.plist; sourceTree = "<group>"; };
		25B682861D336E73003110B5 /* MainViewController.h */ = {isa = PBXFileReference; fileEncoding = 4; lastKnownFileType = sourcecode.c.h; path = MainViewController.h; sourceTree = "<group>"; };
		25B682871D336E73003110B5 /* MainViewController.m */ = {isa = PBXFileReference; fileEncoding = 4; lastKnownFileType = sourcecode.c.objc; path = MainViewController.m; sourceTree = "<group>"; };
		25B682891D336F35003110B5 /* UIButton+Badge.h */ = {isa = PBXFileReference; fileEncoding = 4; lastKnownFileType = sourcecode.c.h; path = "UIButton+Badge.h"; sourceTree = "<group>"; };
		25B6828A1D336F35003110B5 /* UIButton+Badge.m */ = {isa = PBXFileReference; fileEncoding = 4; lastKnownFileType = sourcecode.c.objc; path = "UIButton+Badge.m"; sourceTree = "<group>"; };
		25B6828C1D337B9B003110B5 /* BaseViewController.h */ = {isa = PBXFileReference; fileEncoding = 4; lastKnownFileType = sourcecode.c.h; path = BaseViewController.h; sourceTree = "<group>"; };
		25B6828D1D337B9B003110B5 /* BaseViewController.m */ = {isa = PBXFileReference; fileEncoding = 4; lastKnownFileType = sourcecode.c.objc; path = BaseViewController.m; sourceTree = "<group>"; };
		25B6828F1D337C71003110B5 /* ChilOneViewController.h */ = {isa = PBXFileReference; fileEncoding = 4; lastKnownFileType = sourcecode.c.h; path = ChilOneViewController.h; sourceTree = "<group>"; };
		25B682901D337C71003110B5 /* ChilOneViewController.m */ = {isa = PBXFileReference; fileEncoding = 4; lastKnownFileType = sourcecode.c.objc; path = ChilOneViewController.m; sourceTree = "<group>"; };
		25B682921D337CA4003110B5 /* ChildTwoViewController.h */ = {isa = PBXFileReference; fileEncoding = 4; lastKnownFileType = sourcecode.c.h; path = ChildTwoViewController.h; sourceTree = "<group>"; };
		25B682931D337CA4003110B5 /* ChildTwoViewController.m */ = {isa = PBXFileReference; fileEncoding = 4; lastKnownFileType = sourcecode.c.objc; path = ChildTwoViewController.m; sourceTree = "<group>"; };
/* End PBXFileReference section */

/* Begin PBXFrameworksBuildPhase section */
		25B682661D336DBC003110B5 /* Frameworks */ = {
			isa = PBXFrameworksBuildPhase;
			buildActionMask = 2147483647;
			files = (
			);
			runOnlyForDeploymentPostprocessing = 0;
		};
/* End PBXFrameworksBuildPhase section */

/* Begin PBXGroup section */
		25B682601D336DBC003110B5 = {
			isa = PBXGroup;
			children = (
				25B6826B1D336DBC003110B5 /* UIButtonBadge */,
				25B6826A1D336DBC003110B5 /* Products */,
			);
			sourceTree = "<group>";
		};
		25B6826A1D336DBC003110B5 /* Products */ = {
			isa = PBXGroup;
			children = (
				25B682691D336DBC003110B5 /* UIButtonBadge.app */,
			);
			name = Products;
			sourceTree = "<group>";
		};
		25B6826B1D336DBC003110B5 /* UIButtonBadge */ = {
			isa = PBXGroup;
			children = (
				25B682851D336E5A003110B5 /* Categary */,
				25B682841D336E45003110B5 /* MainViewController */,
				25B682831D336E2D003110B5 /* Basic */,
				25B682781D336DBC003110B5 /* Assets.xcassets */,
				25B6827A1D336DBC003110B5 /* LaunchScreen.storyboard */,
				25B6827D1D336DBC003110B5 /* Info.plist */,
				25B6826C1D336DBC003110B5 /* Supporting Files */,
			);
			path = UIButtonBadge;
			sourceTree = "<group>";
		};
		25B6826C1D336DBC003110B5 /* Supporting Files */ = {
			isa = PBXGroup;
			children = (
				25B6826D1D336DBC003110B5 /* main.m */,
			);
			name = "Supporting Files";
			sourceTree = "<group>";
		};
		25B682831D336E2D003110B5 /* Basic */ = {
			isa = PBXGroup;
			children = (
				25B6826F1D336DBC003110B5 /* AppDelegate.h */,
				25B682701D336DBC003110B5 /* AppDelegate.m */,
				25B682721D336DBC003110B5 /* ViewController.h */,
				25B682731D336DBC003110B5 /* ViewController.m */,
				25B682751D336DBC003110B5 /* Main.storyboard */,
			);
			name = Basic;
			sourceTree = "<group>";
		};
		25B682841D336E45003110B5 /* MainViewController */ = {
			isa = PBXGroup;
			children = (
				25B682861D336E73003110B5 /* MainViewController.h */,
				25B682871D336E73003110B5 /* MainViewController.m */,
				25B6828C1D337B9B003110B5 /* BaseViewController.h */,
				25B6828D1D337B9B003110B5 /* BaseViewController.m */,
				25B6828F1D337C71003110B5 /* ChilOneViewController.h */,
				25B682901D337C71003110B5 /* ChilOneViewController.m */,
				25B682921D337CA4003110B5 /* ChildTwoViewController.h */,
				25B682931D337CA4003110B5 /* ChildTwoViewController.m */,
			);
			name = MainViewController;
			sourceTree = "<group>";
		};
		25B682851D336E5A003110B5 /* Categary */ = {
			isa = PBXGroup;
			children = (
				25B682891D336F35003110B5 /* UIButton+Badge.h */,
				25B6828A1D336F35003110B5 /* UIButton+Badge.m */,
			);
			name = Categary;
			sourceTree = "<group>";
		};
/* End PBXGroup section */

/* Begin PBXNativeTarget section */
		25B682681D336DBC003110B5 /* UIButtonBadge */ = {
			isa = PBXNativeTarget;
			buildConfigurationList = 25B682801D336DBC003110B5 /* Build configuration list for PBXNativeTarget "UIButtonBadge" */;
			buildPhases = (
				25B682651D336DBC003110B5 /* Sources */,
				25B682661D336DBC003110B5 /* Frameworks */,
				25B682671D336DBC003110B5 /* Resources */,
			);
			buildRules = (
			);
			dependencies = (
			);
			name = UIButtonBadge;
			productName = UIButtonBadge;
			productReference = 25B682691D336DBC003110B5 /* UIButtonBadge.app */;
			productType = "com.apple.product-type.application";
		};
/* End PBXNativeTarget section */

/* Begin PBXProject section */
		25B682611D336DBC003110B5 /* Project object */ = {
			isa = PBXProject;
			attributes = {
				LastUpgradeCheck = 0730;
				ORGANIZATIONNAME = "王会洲";
				TargetAttributes = {
					25B682681D336DBC003110B5 = {
						CreatedOnToolsVersion = 7.3;
					};
				};
			};
			buildConfigurationList = 25B682641D336DBC003110B5 /* Build configuration list for PBXProject "UIButtonBadge" */;
			compatibilityVersion = "Xcode 3.2";
			developmentRegion = English;
			hasScannedForEncodings = 0;
			knownRegions = (
				en,
				Base,
			);
			mainGroup = 25B682601D336DBC003110B5;
			productRefGroup = 25B6826A1D336DBC003110B5 /* Products */;
			projectDirPath = "";
			projectRoot = "";
			targets = (
				25B682681D336DBC003110B5 /* UIButtonBadge */,
			);
		};
/* End PBXProject section */

/* Begin PBXResourcesBuildPhase section */
		25B682671D336DBC003110B5 /* Resources */ = {
			isa = PBXResourcesBuildPhase;
			buildActionMask = 2147483647;
			files = (
				25B6827C1D336DBC003110B5 /* LaunchScreen.storyboard in Resources */,
				25B682791D336DBC003110B5 /* Assets.xcassets in Resources */,
				25B682771D336DBC003110B5 /* Main.storyboard in Resources */,
			);
			runOnlyForDeploymentPostprocessing = 0;
		};
/* End PBXResourcesBuildPhase section */

/* Begin PBXSourcesBuildPhase section */
		25B682651D336DBC003110B5 /* Sources */ = {
			isa = PBXSourcesBuildPhase;
			buildActionMask = 2147483647;
			files = (
				25B682941D337CA4003110B5 /* ChildTwoViewController.m in Sources */,
				25B682741D336DBC003110B5 /* ViewController.m in Sources */,
				25B6828E1D337B9B003110B5 /* BaseViewController.m in Sources */,
				25B682711D336DBC003110B5 /* AppDelegate.m in Sources */,
				25B6828B1D336F35003110B5 /* UIButton+Badge.m in Sources */,
				25B6826E1D336DBC003110B5 /* main.m in Sources */,
				25B682881D336E73003110B5 /* MainViewController.m in Sources */,
				25B682911D337C71003110B5 /* ChilOneViewController.m in Sources */,
			);
			runOnlyForDeploymentPostprocessing = 0;
		};
/* End PBXSourcesBuildPhase section */

/* Begin PBXVariantGroup section */
		25B682751D336DBC003110B5 /* Main.storyboard */ = {
			isa = PBXVariantGroup;
			children = (
				25B682761D336DBC003110B5 /* Base */,
			);
			name = Main.storyboard;
			sourceTree = "<group>";
		};
		25B6827A1D336DBC003110B5 /* LaunchScreen.storyboard */ = {
			isa = PBXVariantGroup;
			children = (
				25B6827B1D336DBC003110B5 /* Base */,
			);
			name = LaunchScreen.storyboard;
			sourceTree = "<group>";
		};
/* End PBXVariantGroup section */

/* Begin XCBuildConfiguration section */
		25B6827E1D336DBC003110B5 /* Debug */ = {
			isa = XCBuildConfiguration;
			buildSettings = {
				ALWAYS_SEARCH_USER_PATHS = NO;
				CLANG_ANALYZER_NONNULL = YES;
				CLANG_CXX_LANGUAGE_STANDARD = "gnu++0x";
				CLANG_CXX_LIBRARY = "libc++";
				CLANG_ENABLE_MODULES = YES;
				CLANG_ENABLE_OBJC_ARC = YES;
				CLANG_WARN_BOOL_CONVERSION = YES;
				CLANG_WARN_CONSTANT_CONVERSION = YES;
				CLANG_WARN_DIRECT_OBJC_ISA_USAGE = YES_ERROR;
				CLANG_WARN_EMPTY_BODY = YES;
				CLANG_WARN_ENUM_CONVERSION = YES;
				CLANG_WARN_INT_CONVERSION = YES;
				CLANG_WARN_OBJC_ROOT_CLASS = YES_ERROR;
				CLANG_WARN_UNREACHABLE_CODE = YES;
				CLANG_WARN__DUPLICATE_METHOD_MATCH = YES;
				"CODE_SIGN_IDENTITY[sdk=iphoneos*]" = "iPhone Developer";
				COPY_PHASE_STRIP = NO;
				DEBUG_INFORMATION_FORMAT = dwarf;
				ENABLE_STRICT_OBJC_MSGSEND = YES;
				ENABLE_TESTABILITY = YES;
				GCC_C_LANGUAGE_STANDARD = gnu99;
				GCC_DYNAMIC_NO_PIC = NO;
				GCC_NO_COMMON_BLOCKS = YES;
				GCC_OPTIMIZATION_LEVEL = 0;
				GCC_PREPROCESSOR_DEFINITIONS = (
					"DEBUG=1",
					"$(inherited)",
				);
				GCC_WARN_64_TO_32_BIT_CONVERSION = YES;
				GCC_WARN_ABOUT_RETURN_TYPE = YES_ERROR;
				GCC_WARN_UNDECLARED_SELECTOR = YES;
				GCC_WARN_UNINITIALIZED_AUTOS = YES_AGGRESSIVE;
				GCC_WARN_UNUSED_FUNCTION = YES;
				GCC_WARN_UNUSED_VARIABLE = YES;
				IPHONEOS_DEPLOYMENT_TARGET = 9.3;
				MTL_ENABLE_DEBUG_INFO = YES;
				ONLY_ACTIVE_ARCH = YES;
				SDKROOT = iphoneos;
			};
			name = Debug;
		};
		25B6827F1D336DBC003110B5 /* Release */ = {
			isa = XCBuildConfiguration;
			buildSettings = {
				ALWAYS_SEARCH_USER_PATHS = NO;
				CLANG_ANALYZER_NONNULL = YES;
				CLANG_CXX_LANGUAGE_STANDARD = "gnu++0x";
				CLANG_CXX_LIBRARY = "libc++";
				CLANG_ENABLE_MODULES = YES;
				CLANG_ENABLE_OBJC_ARC = YES;
				CLANG_WARN_BOOL_CONVERSION = YES;
				CLANG_WARN_CONSTANT_CONVERSION = YES;
				CLANG_WARN_DIRECT_OBJC_ISA_USAGE = YES_ERROR;
				CLANG_WARN_EMPTY_BODY = YES;
				CLANG_WARN_ENUM_CONVERSION = YES;
				CLANG_WARN_INT_CONVERSION = YES;
				CLANG_WARN_OBJC_ROOT_CLASS = YES_ERROR;
				CLANG_WARN_UNREACHABLE_CODE = YES;
				CLANG_WARN__DUPLICATE_METHOD_MATCH = YES;
				"CODE_SIGN_IDENTITY[sdk=iphoneos*]" = "iPhone Developer";
				COPY_PHASE_STRIP = NO;
				DEBUG_INFORMATION_FORMAT = "dwarf-with-dsym";
				ENABLE_NS_ASSERTIONS = NO;
				ENABLE_STRICT_OBJC_MSGSEND = YES;
				GCC_C_LANGUAGE_STANDARD = gnu99;
				GCC_NO_COMMON_BLOCKS = YES;
				GCC_WARN_64_TO_32_BIT_CONVERSION = YES;
				GCC_WARN_ABOUT_RETURN_TYPE = YES_ERROR;
				GCC_WARN_UNDECLARED_SELECTOR = YES;
				GCC_WARN_UNINITIALIZED_AUTOS = YES_AGGRESSIVE;
				GCC_WARN_UNUSED_FUNCTION = YES;
				GCC_WARN_UNUSED_VARIABLE = YES;
				IPHONEOS_DEPLOYMENT_TARGET = 9.3;
				MTL_ENABLE_DEBUG_INFO = NO;
				SDKROOT = iphoneos;
				VALIDATE_PRODUCT = YES;
			};
			name = Release;
		};
		25B682811D336DBC003110B5 /* Debug */ = {
			isa = XCBuildConfiguration;
			buildSettings = {
				ASSETCATALOG_COMPILER_APPICON_NAME = AppIcon;
				INFOPLIST_FILE = UIButtonBadge/Info.plist;
				LD_RUNPATH_SEARCH_PATHS = "$(inherited) @executable_path/Frameworks";
				PRODUCT_BUNDLE_IDENTIFIER = com.uknower.UIButtonBadge;
				PRODUCT_NAME = "$(TARGET_NAME)";
			};
			name = Debug;
		};
		25B682821D336DBC003110B5 /* Release */ = {
			isa = XCBuildConfiguration;
			buildSettings = {
				ASSETCATALOG_COMPILER_APPICON_NAME = AppIcon;
				INFOPLIST_FILE = UIButtonBadge/Info.plist;
				LD_RUNPATH_SEARCH_PATHS = "$(inherited) @executable_path/Frameworks";
				PRODUCT_BUNDLE_IDENTIFIER = com.uknower.UIButtonBadge;
				PRODUCT_NAME = "$(TARGET_NAME)";
			};
			name = Release;
		};
/* End XCBuildConfiguration section */

/* Begin XCConfigurationList section */
		25B682641D336DBC003110B5 /* Build configuration list for PBXProject "UIButtonBadge" */ = {
			isa = XCConfigurationList;
			buildConfigurations = (
				25B6827E1D336DBC003110B5 /* Debug */,
				25B6827F1D336DBC003110B5 /* Release */,
			);
			defaultConfigurationIsVisible = 0;
			defaultConfigurationName = Release;
		};
		25B682801D336DBC003110B5 /* Build configuration list for PBXNativeTarget "UIButtonBadge" */ = {
			isa = XCConfigurationList;
			buildConfigurations = (
				25B682811D336DBC003110B5 /* Debug */,
				25B682821D336DBC003110B5 /* Release */,
			);
			defaultConfigurationIsVisible = 0;
			defaultConfigurationName = Release;
		};
/* End XCConfigurationList section */
	};
	rootObject = 25B682611D336DBC003110B5 /* Project object */;
}
